
Microsoft Visual Studio Solution File, Format Version 12.00
# Visual Studio Version 16
VisualStudioVersion = 16.0.31112.23
MinimumVisualStudioVersion = 10.0.40219.1
Project("{9A19103F-16F7-4668-BE54-9A1E7A4F7556}") = "TesteBancoBari", "TesteBancoBari\TesteBancoBari.csproj", "{D097D3EF-24AD-45D5-8156-61196373187E}"
EndProject
Project("{9A19103F-16F7-4668-BE54-9A1E7A4F7556}") = "TesteBancoBari.BusinessLayer", "Business\TesteBancoBari.BusinessLayer.csproj", "{319BBF40-7F85-4CC3-B2BA-24DD79F2B397}"
EndProject
Project("{9A19103F-16F7-4668-BE54-9A1E7A4F7556}") = "TesteBancoBari.InfraLayer", "InfraLayer\TesteBancoBari.InfraLayer.csproj", "{1A94A39E-D623-40D4-B7DC-949C57F3BF25}"
EndProject
Project("{FAE04EC0-301F-11D3-BF4B-00C04F79EFBC}") = "TesteBancoBari.CrossCutting", "TesteBancoBari.CrossCutting\TesteBancoBari.CrossCutting.csproj", "{AC4FE087-E9AA-4DC0-A232-8AA3AE703248}"
EndProject
Global
	GlobalSection(SolutionConfigurationPlatforms) = preSolution
		Debug|Any CPU = Debug|Any CPU
		Release|Any CPU = Release|Any CPU
	EndGlobalSection
	GlobalSection(ProjectConfigurationPlatforms) = postSolution
		{D097D3EF-24AD-45D5-8156-61196373187E}.Debug|Any CPU.ActiveCfg = Debug|Any CPU
		{D097D3EF-24AD-45D5-8156-61196373187E}.Debug|Any CPU.Build.0 = Debug|Any CPU
		{D097D3EF-24AD-45D5-8156-61196373187E}.Release|Any CPU.ActiveCfg = Release|Any CPU
		{D097D3EF-24AD-45D5-8156-61196373187E}.Release|Any CPU.Build.0 = Release|Any CPU
		{319BBF40-7F85-4CC3-B2BA-24DD79F2B397}.Debug|Any CPU.ActiveCfg = Debug|Any CPU
		{319BBF40-7F85-4CC3-B2BA-24DD79F2B397}.Debug|Any CPU.Build.0 = Debug|Any CPU
		{319BBF40-7F85-4CC3-B2BA-24DD79F2B397}.Release|Any CPU.ActiveCfg = Release|Any CPU
		{319BBF40-7F85-4CC3-B2BA-24DD79F2B397}.Release|Any CPU.Build.0 = Release|Any CPU
		{1A94A39E-D623-40D4-B7DC-949C57F3BF25}.Debug|Any CPU.ActiveCfg = Debug|Any CPU
		{1A94A39E-D623-40D4-B7DC-949C57F3BF25}.Debug|Any CPU.Build.0 = Debug|Any CPU
		{1A94A39E-D623-40D4-B7DC-949C57F3BF25}.Release|Any CPU.ActiveCfg = Release|Any CPU
		{1A94A39E-D623-40D4-B7DC-949C57F3BF25}.Release|Any CPU.Build.0 = Release|Any CPU
		{AC4FE087-E9AA-4DC0-A232-8AA3AE703248}.Debug|Any CPU.ActiveCfg = Debug|Any CPU
		{AC4FE087-E9AA-4DC0-A232-8AA3AE703248}.Debug|Any CPU.Build.0 = Debug|Any CPU
		{AC4FE087-E9AA-4DC0-A232-8AA3AE703248}.Release|Any CPU.ActiveCfg = Release|Any CPU
		{AC4FE087-E9AA-4DC0-A232-8AA3AE703248}.Release|Any CPU.Build.0 = Release|Any CPU
	EndGlobalSection
	GlobalSection(SolutionProperties) = preSolution
		HideSolutionNode = FALSE
	EndGlobalSection
	GlobalSection(ExtensibilityGlobals) = postSolution
		SolutionGuid = {63E55D85-0AEB-4663-B9B6-428D8A0E0FCE}
	EndGlobalSection
EndGlobal
